// !$*UTF8*$!
{
	archiveVersion = 1;
	classes = {
	};
	objectVersion = 50;
	objects = {

/* Begin PBXBuildFile section */
		6C726C61212D63A700492EC7 /* AppDelegate.m in Sources */ = {isa = PBXBuildFile; fileRef = 6C726C60212D63A700492EC7 /* AppDelegate.m */; };
		6C726C64212D63A700492EC7 /* ViewController.m in Sources */ = {isa = PBXBuildFile; fileRef = 6C726C63212D63A700492EC7 /* ViewController.m */; };
		6C726C67212D63A700492EC7 /* Main.storyboard in Resources */ = {isa = PBXBuildFile; fileRef = 6C726C65212D63A700492EC7 /* Main.storyboard */; };
		6C726C69212D63A900492EC7 /* Assets.xcassets in Resources */ = {isa = PBXBuildFile; fileRef = 6C726C68212D63A900492EC7 /* Assets.xcassets */; };
		6C726C6C212D63A900492EC7 /* LaunchScreen.storyboard in Resources */ = {isa = PBXBuildFile; fileRef = 6C726C6A212D63A900492EC7 /* LaunchScreen.storyboard */; };
		6C726C6F212D63A900492EC7 /* main.m in Sources */ = {isa = PBXBuildFile; fileRef = 6C726C6E212D63A900492EC7 /* main.m */; };
/* End PBXBuildFile section */

/* Begin PBXFileReference section */
		6C726C5C212D63A700492EC7 /* CollectionCrashInfoDemo.app */ = {isa = PBXFileReference; explicitFileType = wrapper.application; includeInIndex = 0; path = CollectionCrashInfoDemo.app; sourceTree = BUILT_PRODUCTS_DIR; };
		6C726C5F212D63A700492EC7 /* AppDelegate.h */ = {isa = PBXFileReference; lastKnownFileType = sourcecode.c.h; path = AppDelegate.h; sourceTree = "<group>"; };
		6C726C60212D63A700492EC7 /* AppDelegate.m */ = {isa = PBXFileReference; lastKnownFileType = sourcecode.c.objc; path = AppDelegate.m; sourceTree = "<group>"; };
		6C726C62212D63A700492EC7 /* ViewController.h */ = {isa = PBXFileReference; lastKnownFileType = sourcecode.c.h; path = ViewController.h; sourceTree = "<group>"; };
		6C726C63212D63A700492EC7 /* ViewController.m */ = {isa = PBXFileReference; lastKnownFileType = sourcecode.c.objc; path = ViewController.m; sourceTree = "<group>"; };
		6C726C66212D63A700492EC7 /* Base */ = {isa = PBXFileReference; lastKnownFileType = file.storyboard; name = Base; path = Base.lproj/Main.storyboard; sourceTree = "<group>"; };
		6C726C68212D63A900492EC7 /* Assets.xcassets */ = {isa = PBXFileReference; lastKnownFileType = folder.assetcatalog; path = Assets.xcassets; sourceTree = "<group>"; };
		6C726C6B212D63A900492EC7 /* Base */ = {isa = PBXFileReference; lastKnownFileType = file.storyboard; name = Base; path = Base.lproj/LaunchScreen.storyboard; sourceTree = "<group>"; };
		6C726C6D212D63A900492EC7 /* Info.plist */ = {isa = PBXFileReference; lastKnownFileType = text.plist.xml; path = Info.plist; sourceTree = "<group>"; };
		6C726C6E212D63A900492EC7 /* main.m */ = {isa = PBXFileReference; lastKnownFileType = sourcecode.c.objc; path = main.m; sourceTree = "<group>"; };
/* End PBXFileReference section */

/* Begin PBXFrameworksBuildPhase section */
		6C726C59212D63A700492EC7 /* Frameworks */ = {
			isa = PBXFrameworksBuildPhase;
			buildActionMask = 2147483647;
			files = (
			);
			runOnlyForDeploymentPostprocessing = 0;
		};
/* End PBXFrameworksBuildPhase section */

/* Begin PBXGroup section */
		6C726C53212D63A700492EC7 = {
			isa = PBXGroup;
			children = (
				6C726C5E212D63A700492EC7 /* CollectionCrashInfoDemo */,
				6C726C5D212D63A700492EC7 /* Products */,
			);
			sourceTree = "<group>";
		};
		6C726C5D212D63A700492EC7 /* Products */ = {
			isa = PBXGroup;
			children = (
				6C726C5C212D63A700492EC7 /* CollectionCrashInfoDemo.app */,
			);
			name = Products;
			sourceTree = "<group>";
		};
		6C726C5E212D63A700492EC7 /* CollectionCrashInfoDemo */ = {
			isa = PBXGroup;
			children = (
				6C726C5F212D63A700492EC7 /* AppDelegate.h */,
				6C726C60212D63A700492EC7 /* AppDelegate.m */,
				6C726C62212D63A700492EC7 /* ViewController.h */,
				6C726C63212D63A700492EC7 /* ViewController.m */,
				6C726C65212D63A700492EC7 /* Main.storyboard */,
				6C726C68212D63A900492EC7 /* Assets.xcassets */,
				6C726C6A212D63A900492EC7 /* LaunchScreen.storyboard */,
				6C726C6D212D63A900492EC7 /* Info.plist */,
				6C726C6E212D63A900492EC7 /* main.m */,
			);
			path = CollectionCrashInfoDemo;
			sourceTree = "<group>";
		};
/* End PBXGroup section */

/* Begin PBXNativeTarget section */
		6C726C5B212D63A700492EC7 /* CollectionCrashInfoDemo */ = {
			isa = PBXNativeTarget;
			buildConfigurationList = 6C726C72212D63A900492EC7 /* Build configuration list for PBXNativeTarget "CollectionCrashInfoDemo" */;
			buildPhases = (
				6C726C58212D63A700492EC7 /* Sources */,
				6C726C59212D63A700492EC7 /* Frameworks */,
				6C726C5A212D63A700492EC7 /* Resources */,
			);
			buildRules = (
			);
			dependencies = (
			);
			name = CollectionCrashInfoDemo;
			productName = CollectionCrashInfoDemo;
			productReference = 6C726C5C212D63A700492EC7 /* CollectionCrashInfoDemo.app */;
			productType = "com.apple.product-type.application";
		};
/* End PBXNativeTarget section */

/* Begin PBXProject section */
		6C726C54212D63A700492EC7 /* Project object */ = {
			isa = PBXProject;
			attributes = {
				LastUpgradeCheck = 0930;
				ORGANIZATIONNAME = Lemon;
				TargetAttributes = {
					6C726C5B212D63A700492EC7 = {
						CreatedOnToolsVersion = 9.3;
					};
				};
			};
			buildConfigurationList = 6C726C57212D63A700492EC7 /* Build configuration list for PBXProject "CollectionCrashInfoDemo" */;
			compatibilityVersion = "Xcode 9.3";
			developmentRegion = en;
			hasScannedForEncodings = 0;
			knownRegions = (
				en,
				Base,
			);
			mainGroup = 6C726C53212D63A700492EC7;
			productRefGroup = 6C726C5D212D63A700492EC7 /* Products */;
			projectDirPath = "";
			projectRoot = "";
			targets = (
				6C726C5B212D63A700492EC7 /* CollectionCrashInfoDemo */,
			);
		};
/* End PBXProject section */

/* Begin PBXResourcesBuildPhase section */
		6C726C5A212D63A700492EC7 /* Resources */ = {
			isa = PBXResourcesBuildPhase;
			buildActionMask = 2147483647;
			files = (
				6C726C6C212D63A900492EC7 /* LaunchScreen.storyboard in Resources */,
				6C726C69212D63A900492EC7 /* Assets.xcassets in Resources */,
				6C726C67212D63A700492EC7 /* Main.storyboard in Resources */,
			);
			runOnlyForDeploymentPostprocessing = 0;
		};
/* End PBXResourcesBuildPhase section */

/* Begin PBXSourcesBuildPhase section */
		6C726C58212D63A700492EC7 /* Sources */ = {
			isa = PBXSourcesBuildPhase;
			buildActionMask = 2147483647;
			files = (
				6C726C64212D63A700492EC7 /* ViewController.m in Sources */,
				6C726C6F212D63A900492EC7 /* main.m in Sources */,
				6C726C61212D63A700492EC7 /* AppDelegate.m in Sources */,
			);
			runOnlyForDeploymentPostprocessing = 0;
		};
/* End PBXSourcesBuildPhase section */

/* Begin PBXVariantGroup section */
		6C726C65212D63A700492EC7 /* Main.storyboard */ = {
			isa = PBXVariantGroup;
			children = (
				6C726C66212D63A700492EC7 /* Base */,
			);
			name = Main.storyboard;
			sourceTree = "<group>";
		};
		6C726C6A212D63A900492EC7 /* LaunchScreen.storyboard */ = {
			isa = PBXVariantGroup;
			children = (
				6C726C6B212D63A900492EC7 /* Base */,
			);
			name = LaunchScreen.storyboard;
			sourceTree = "<group>";
		};
/* End PBXVariantGroup section */

/* Begin XCBuildConfiguration section */
		6C726C70212D63A900492EC7 /* Debug */ = {
			isa = XCBuildConfiguration;
			buildSettings = {
				ALWAYS_SEARCH_USER_PATHS = NO;
				CLANG_ANALYZER_NONNULL = YES;
				CLANG_ANALYZER_NUMBER_OBJECT_CONVERSION = YES_AGGRESSIVE;
				CLANG_CXX_LANGUAGE_STANDARD = "gnu++14";
				CLANG_CXX_LIBRARY = "libc++";
				CLANG_ENABLE_MODULES = YES;
				CLANG_ENABLE_OBJC_ARC = YES;
				CLANG_ENABLE_OBJC_WEAK = YES;
				CLANG_WARN_BLOCK_CAPTURE_AUTORELEASING = YES;
				CLANG_WARN_BOOL_CONVERSION = YES;
				CLANG_WARN_COMMA = YES;
				CLANG_WARN_CONSTANT_CONVERSION = YES;
				CLANG_WARN_DEPRECATED_OBJC_IMPLEMENTATIONS = YES;
				CLANG_WARN_DIRECT_OBJC_ISA_USAGE = YES_ERROR;
				CLANG_WARN_DOCUMENTATION_COMMENTS = YES;
				CLANG_WARN_EMPTY_BODY = YES;
				CLANG_WARN_ENUM_CONVERSION = YES;
				CLANG_WARN_INFINITE_RECURSION = YES;
				CLANG_WARN_INT_CONVERSION = YES;
				CLANG_WARN_NON_LITERAL_NULL_CONVERSION = YES;
				CLANG_WARN_OBJC_IMPLICIT_RETAIN_SELF = YES;
				CLANG_WARN_OBJC_LITERAL_CONVERSION = YES;
				CLANG_WARN_OBJC_ROOT_CLASS = YES_ERROR;
				CLANG_WARN_RANGE_LOOP_ANALYSIS = YES;
				CLANG_WARN_STRICT_PROTOTYPES = YES;
				CLANG_WARN_SUSPICIOUS_MOVE = YES;
				CLANG_WARN_UNGUARDED_AVAILABILITY = YES_AGGRESSIVE;
				CLANG_WARN_UNREACHABLE_CODE = YES;
				CLANG_WARN__DUPLICATE_METHOD_MATCH = YES;
				CODE_SIGN_IDENTITY = "iPhone Developer";
				COPY_PHASE_STRIP = NO;
				DEBUG_INFORMATION_FORMAT = dwarf;
				ENABLE_STRICT_OBJC_MSGSEND = YES;
				ENABLE_TESTABILITY = YES;
				GCC_C_LANGUAGE_STANDARD = gnu11;
				GCC_DYNAMIC_NO_PIC = NO;
				GCC_NO_COMMON_BLOCKS = YES;
				GCC_OPTIMIZATION_LEVEL = 0;
				GCC_PREPROCESSOR_DEFINITIONS = (
					"DEBUG=1",
					"$(inherited)",
				);
				GCC_WARN_64_TO_32_BIT_CONVERSION = YES;
				GCC_WARN_ABOUT_RETURN_TYPE = YES_ERROR;
				GCC_WARN_UNDECLARED_SELECTOR = YES;
				GCC_WARN_UNINITIALIZED_AUTOS = YES_AGGRESSIVE;
				GCC_WARN_UNUSED_FUNCTION = YES;
				GCC_WARN_UNUSED_VARIABLE = YES;
				IPHONEOS_DEPLOYMENT_TARGET = 11.3;
				MTL_ENABLE_DEBUG_INFO = YES;
				ONLY_ACTIVE_ARCH = YES;
				SDKROOT = iphoneos;
			};
			name = Debug;
		};
		6C726C71212D63A900492EC7 /* Release */ = {
			isa = XCBuildConfiguration;
			buildSettings = {
				ALWAYS_SEARCH_USER_PATHS = NO;
				CLANG_ANALYZER_NONNULL = YES;
				CLANG_ANALYZER_NUMBER_OBJECT_CONVERSION = YES_AGGRESSIVE;
				CLANG_CXX_LANGUAGE_STANDARD = "gnu++14";
				CLANG_CXX_LIBRARY = "libc++";
				CLANG_ENABLE_MODULES = YES;
				CLANG_ENABLE_OBJC_ARC = YES;
				CLANG_ENABLE_OBJC_WEAK = YES;
				CLANG_WARN_BLOCK_CAPTURE_AUTORELEASING = YES;
				CLANG_WARN_BOOL_CONVERSION = YES;
				CLANG_WARN_COMMA = YES;
				CLANG_WARN_CONSTANT_CONVERSION = YES;
				CLANG_WARN_DEPRECATED_OBJC_IMPLEMENTATIONS = YES;
				CLANG_WARN_DIRECT_OBJC_ISA_USAGE = YES_ERROR;
				CLANG_WARN_DOCUMENTATION_COMMENTS = YES;
				CLANG_WARN_EMPTY_BODY = YES;
				CLANG_WARN_ENUM_CONVERSION = YES;
				CLANG_WARN_INFINITE_RECURSION = YES;
				CLANG_WARN_INT_CONVERSION = YES;
				CLANG_WARN_NON_LITERAL_NULL_CONVERSION = YES;
				CLANG_WARN_OBJC_IMPLICIT_RETAIN_SELF = YES;
				CLANG_WARN_OBJC_LITERAL_CONVERSION = YES;
				CLANG_WARN_OBJC_ROOT_CLASS = YES_ERROR;
				CLANG_WARN_RANGE_LOOP_ANALYSIS = YES;
				CLANG_WARN_STRICT_PROTOTYPES = YES;
				CLANG_WARN_SUSPICIOUS_MOVE = YES;
				CLANG_WARN_UNGUARDED_AVAILABILITY = YES_AGGRESSIVE;
				CLANG_WARN_UNREACHABLE_CODE = YES;
				CLANG_WARN__DUPLICATE_METHOD_MATCH = YES;
				CODE_SIGN_IDENTITY = "iPhone Developer";
				COPY_PHASE_STRIP = NO;
				DEBUG_INFORMATION_FORMAT = "dwarf-with-dsym";
				ENABLE_NS_ASSERTIONS = NO;
				ENABLE_STRICT_OBJC_MSGSEND = YES;
				GCC_C_LANGUAGE_STANDARD = gnu11;
				GCC_NO_COMMON_BLOCKS = YES;
				GCC_WARN_64_TO_32_BIT_CONVERSION = YES;
				GCC_WARN_ABOUT_RETURN_TYPE = YES_ERROR;
				GCC_WARN_UNDECLARED_SELECTOR = YES;
				GCC_WARN_UNINITIALIZED_AUTOS = YES_AGGRESSIVE;
				GCC_WARN_UNUSED_FUNCTION = YES;
				GCC_WARN_UNUSED_VARIABLE = YES;
				IPHONEOS_DEPLOYMENT_TARGET = 11.3;
				MTL_ENABLE_DEBUG_INFO = NO;
				SDKROOT = iphoneos;
				VALIDATE_PRODUCT = YES;
			};
			name = Release;
		};
		6C726C73212D63A900492EC7 /* Debug */ = {
			isa = XCBuildConfiguration;
			buildSettings = {
				ASSETCATALOG_COMPILER_APPICON_NAME = AppIcon;
				CODE_SIGN_STYLE = Automatic;
				DEVELOPMENT_TEAM = DXZ365TQ99;
				INFOPLIST_FILE = CollectionCrashInfoDemo/Info.plist;
				LD_RUNPATH_SEARCH_PATHS = (
					"$(inherited)",
					"@executable_path/Frameworks",
				);
				PRODUCT_BUNDLE_IDENTIFIER = com.Lemon.CollectionCrashInfoDemo;
				PRODUCT_NAME = "$(TARGET_NAME)";
				TARGETED_DEVICE_FAMILY = "1,2";
			};
			name = Debug;
		};
		6C726C74212D63A900492EC7 /* Release */ = {
			isa = XCBuildConfiguration;
			buildSettings = {
				ASSETCATALOG_COMPILER_APPICON_NAME = AppIcon;
				CODE_SIGN_STYLE = Automatic;
				DEVELOPMENT_TEAM = DXZ365TQ99;
				INFOPLIST_FILE = CollectionCrashInfoDemo/Info.plist;
				LD_RUNPATH_SEARCH_PATHS = (
					"$(inherited)",
					"@executable_path/Frameworks",
				);
				PRODUCT_BUNDLE_IDENTIFIER = com.Lemon.CollectionCrashInfoDemo;
				PRODUCT_NAME = "$(TARGET_NAME)";
				TARGETED_DEVICE_FAMILY = "1,2";
			};
			name = Release;
		};
/* End XCBuildConfiguration section */

/* Begin XCConfigurationList section */
		6C726C57212D63A700492EC7 /* Build configuration list for PBXProject "CollectionCrashInfoDemo" */ = {
			isa = XCConfigurationList;
			buildConfigurations = (
				6C726C70212D63A900492EC7 /* Debug */,
				6C726C71212D63A900492EC7 /* Release */,
			);
			defaultConfigurationIsVisible = 0;
			defaultConfigurationName = Release;
		};
		6C726C72212D63A900492EC7 /* Build configuration list for PBXNativeTarget "CollectionCrashInfoDemo" */ = {
			isa = XCConfigurationList;
			buildConfigurations = (
				6C726C73212D63A900492EC7 /* Debug */,
				6C726C74212D63A900492EC7 /* Release */,
			);
			defaultConfigurationIsVisible = 0;
			defaultConfigurationName = Release;
		};
/* End XCConfigurationList section */
	};
	rootObject = 6C726C54212D63A700492EC7 /* Project object */;
}
